
Microsoft Visual Studio Solution File, Format Version 12.00
# Visual Studio Version 17
VisualStudioVersion = 17.14.36705.20
MinimumVisualStudioVersion = 10.0.40219.1
Project("{FAE04EC0-301F-11D3-BF4B-00C04F79EFBC}") = "VendingMachineApp", "VendingMachineApp\VendingMachineApp.csproj", "{4F5FC343-99F4-7D6C-2839-656D8E2C27BA}"
EndProject
Project("{FAE04EC0-301F-11D3-BF4B-00C04F79EFBC}") = "VendingMachineApp.Test", "VendingMachineApp.Test\VendingMachineApp.Test.csproj", "{920832A1-3740-4A7E-9E99-4E4C60B802FC}"
EndProject
Global
	GlobalSection(SolutionConfigurationPlatforms) = preSolution
		Debug|Any CPU = Debug|Any CPU
		Release|Any CPU = Release|Any CPU
	EndGlobalSection
	GlobalSection(ProjectConfigurationPlatforms) = postSolution
		{4F5FC343-99F4-7D6C-2839-656D8E2C27BA}.Debug|Any CPU.ActiveCfg = Debug|Any CPU
		{4F5FC343-99F4-7D6C-2839-656D8E2C27BA}.Debug|Any CPU.Build.0 = Debug|Any CPU
		{4F5FC343-99F4-7D6C-2839-656D8E2C27BA}.Release|Any CPU.ActiveCfg = Release|Any CPU
		{4F5FC343-99F4-7D6C-2839-656D8E2C27BA}.Release|Any CPU.Build.0 = Release|Any CPU
		{920832A1-3740-4A7E-9E99-4E4C60B802FC}.Debug|Any CPU.ActiveCfg = Debug|Any CPU
		{920832A1-3740-4A7E-9E99-4E4C60B802FC}.Debug|Any CPU.Build.0 = Debug|Any CPU
		{920832A1-3740-4A7E-9E99-4E4C60B802FC}.Release|Any CPU.ActiveCfg = Release|Any CPU
		{920832A1-3740-4A7E-9E99-4E4C60B802FC}.Release|Any CPU.Build.0 = Release|Any CPU
	EndGlobalSection
	GlobalSection(SolutionProperties) = preSolution
		HideSolutionNode = FALSE
	EndGlobalSection
	GlobalSection(ExtensibilityGlobals) = postSolution
		SolutionGuid = {F8A1EFEE-C454-4372-93AD-0445E023AFC5}
	EndGlobalSection
EndGlobal
